
Microsoft Visual Studio Solution File, Format Version 12.00
# Visual Studio Version 17
VisualStudioVersion = 17.0.31903.59
MinimumVisualStudioVersion = 10.0.40219.1
Project("{2150E333-8FDC-42A3-9474-1A3956D46DE8}") = "src", "src", "{827E0CD3-B72D-47B6-A68D-7590B98EB39B}"
EndProject
Project("{FAE04EC0-301F-11D3-BF4B-00C04F79EFBC}") = "DmOrder.Domain", "src\DmOrder.Domain\DmOrder.Domain.csproj", "{C04B9DA7-59AF-4307-A9DF-78544C0CF8B8}"
EndProject
Project("{FAE04EC0-301F-11D3-BF4B-00C04F79EFBC}") = "DmOrder.Application", "src\DmOrder.Application\DmOrder.Application.csproj", "{4BD4747F-E24C-414E-A50B-6AA42440686F}"
EndProject
Project("{FAE04EC0-301F-11D3-BF4B-00C04F79EFBC}") = "DmOrder.Infrastructure", "src\DmOrder.Infrastructure\DmOrder.Infrastructure.csproj", "{6B1BF189-5D64-4021-96AC-E24F4E18F088}"
EndProject
Project("{FAE04EC0-301F-11D3-BF4B-00C04F79EFBC}") = "DmOrder.Api", "src\DmOrder.Api\DmOrder.Api.csproj", "{E76DDB2C-8437-41C6-85D5-C8804BD02104}"
EndProject
Project("{2150E333-8FDC-42A3-9474-1A3956D46DE8}") = "tests", "tests", "{0AB3BF05-4346-4AA6-1389-037BE0695223}"
EndProject
Project("{FAE04EC0-301F-11D3-BF4B-00C04F79EFBC}") = "DmOrder.Domain.Tests", "tests\DmOrder.Domain.Tests\DmOrder.Domain.Tests.csproj", "{02EC2EC2-DA54-4C35-95D9-604FFD36E8E5}"
EndProject
Project("{FAE04EC0-301F-11D3-BF4B-00C04F79EFBC}") = "DmOrder.Application.Tests", "tests\DmOrder.Application.Tests\DmOrder.Application.Tests.csproj", "{13FF10DF-29D1-4400-B3ED-EBE4FD3FAA5A}"
EndProject
Project("{FAE04EC0-301F-11D3-BF4B-00C04F79EFBC}") = "DmOrder.Api.IntegrationTests", "tests\DmOrder.Api.IntegrationTests\DmOrder.Api.IntegrationTests.csproj", "{259D5C69-5959-4064-9C1E-2B8C280B0CC5}"
EndProject
Global
	GlobalSection(SolutionConfigurationPlatforms) = preSolution
		Debug|Any CPU = Debug|Any CPU
		Debug|x64 = Debug|x64
		Debug|x86 = Debug|x86
		Release|Any CPU = Release|Any CPU
		Release|x64 = Release|x64
		Release|x86 = Release|x86
	EndGlobalSection
	GlobalSection(ProjectConfigurationPlatforms) = postSolution
		{C04B9DA7-59AF-4307-A9DF-78544C0CF8B8}.Debug|Any CPU.ActiveCfg = Debug|Any CPU
		{C04B9DA7-59AF-4307-A9DF-78544C0CF8B8}.Debug|Any CPU.Build.0 = Debug|Any CPU
		{C04B9DA7-59AF-4307-A9DF-78544C0CF8B8}.Debug|x64.ActiveCfg = Debug|Any CPU
		{C04B9DA7-59AF-4307-A9DF-78544C0CF8B8}.Debug|x64.Build.0 = Debug|Any CPU
		{C04B9DA7-59AF-4307-A9DF-78544C0CF8B8}.Debug|x86.ActiveCfg = Debug|Any CPU
		{C04B9DA7-59AF-4307-A9DF-78544C0CF8B8}.Debug|x86.Build.0 = Debug|Any CPU
		{C04B9DA7-59AF-4307-A9DF-78544C0CF8B8}.Release|Any CPU.ActiveCfg = Release|Any CPU
		{C04B9DA7-59AF-4307-A9DF-78544C0CF8B8}.Release|Any CPU.Build.0 = Release|Any CPU
		{C04B9DA7-59AF-4307-A9DF-78544C0CF8B8}.Release|x64.ActiveCfg = Release|Any CPU
		{C04B9DA7-59AF-4307-A9DF-78544C0CF8B8}.Release|x64.Build.0 = Release|Any CPU
		{C04B9DA7-59AF-4307-A9DF-78544C0CF8B8}.Release|x86.ActiveCfg = Release|Any CPU
		{C04B9DA7-59AF-4307-A9DF-78544C0CF8B8}.Release|x86.Build.0 = Release|Any CPU
		{4BD4747F-E24C-414E-A50B-6AA42440686F}.Debug|Any CPU.ActiveCfg = Debug|Any CPU
		{4BD4747F-E24C-414E-A50B-6AA42440686F}.Debug|Any CPU.Build.0 = Debug|Any CPU
		{4BD4747F-E24C-414E-A50B-6AA42440686F}.Debug|x64.ActiveCfg = Debug|Any CPU
		{4BD4747F-E24C-414E-A50B-6AA42440686F}.Debug|x64.Build.0 = Debug|Any CPU
		{4BD4747F-E24C-414E-A50B-6AA42440686F}.Debug|x86.ActiveCfg = Debug|Any CPU
		{4BD4747F-E24C-414E-A50B-6AA42440686F}.Debug|x86.Build.0 = Debug|Any CPU
		{4BD4747F-E24C-414E-A50B-6AA42440686F}.Release|Any CPU.ActiveCfg = Release|Any CPU
		{4BD4747F-E24C-414E-A50B-6AA42440686F}.Release|Any CPU.Build.0 = Release|Any CPU
		{4BD4747F-E24C-414E-A50B-6AA42440686F}.Release|x64.ActiveCfg = Release|Any CPU
		{4BD4747F-E24C-414E-A50B-6AA42440686F}.Release|x64.Build.0 = Release|Any CPU
		{4BD4747F-E24C-414E-A50B-6AA42440686F}.Release|x86.ActiveCfg = Release|Any CPU
		{4BD4747F-E24C-414E-A50B-6AA42440686F}.Release|x86.Build.0 = Release|Any CPU
		{6B1BF189-5D64-4021-96AC-E24F4E18F088}.Debug|Any CPU.ActiveCfg = Debug|Any CPU
		{6B1BF189-5D64-4021-96AC-E24F4E18F088}.Debug|Any CPU.Build.0 = Debug|Any CPU
		{6B1BF189-5D64-4021-96AC-E24F4E18F088}.Debug|x64.ActiveCfg = Debug|Any CPU
		{6B1BF189-5D64-4021-96AC-E24F4E18F088}.Debug|x64.Build.0 = Debug|Any CPU
		{6B1BF189-5D64-4021-96AC-E24F4E18F088}.Debug|x86.ActiveCfg = Debug|Any CPU
		{6B1BF189-5D64-4021-96AC-E24F4E18F088}.Debug|x86.Build.0 = Debug|Any CPU
		{6B1BF189-5D64-4021-96AC-E24F4E18F088}.Release|Any CPU.ActiveCfg = Release|Any CPU
		{6B1BF189-5D64-4021-96AC-E24F4E18F088}.Release|Any CPU.Build.0 = Release|Any CPU
		{6B1BF189-5D64-4021-96AC-E24F4E18F088}.Release|x64.ActiveCfg = Release|Any CPU
		{6B1BF189-5D64-4021-96AC-E24F4E18F088}.Release|x64.Build.0 = Release|Any CPU
		{6B1BF189-5D64-4021-96AC-E24F4E18F088}.Release|x86.ActiveCfg = Release|Any CPU
		{6B1BF189-5D64-4021-96AC-E24F4E18F088}.Release|x86.Build.0 = Release|Any CPU
		{E76DDB2C-8437-41C6-85D5-C8804BD02104}.Debug|Any CPU.ActiveCfg = Debug|Any CPU
		{E76DDB2C-8437-41C6-85D5-C8804BD02104}.Debug|Any CPU.Build.0 = Debug|Any CPU
		{E76DDB2C-8437-41C6-85D5-C8804BD02104}.Debug|x64.ActiveCfg = Debug|Any CPU
		{E76DDB2C-8437-41C6-85D5-C8804BD02104}.Debug|x64.Build.0 = Debug|Any CPU
		{E76DDB2C-8437-41C6-85D5-C8804BD02104}.Debug|x86.ActiveCfg = Debug|Any CPU
		{E76DDB2C-8437-41C6-85D5-C8804BD02104}.Debug|x86.Build.0 = Debug|Any CPU
		{E76DDB2C-8437-41C6-85D5-C8804BD02104}.Release|Any CPU.ActiveCfg = Release|Any CPU
		{E76DDB2C-8437-41C6-85D5-C8804BD02104}.Release|Any CPU.Build.0 = Release|Any CPU
		{E76DDB2C-8437-41C6-85D5-C8804BD02104}.Release|x64.ActiveCfg = Release|Any CPU
		{E76DDB2C-8437-41C6-85D5-C8804BD02104}.Release|x64.Build.0 = Release|Any CPU
		{E76DDB2C-8437-41C6-85D5-C8804BD02104}.Release|x86.ActiveCfg = Release|Any CPU
		{E76DDB2C-8437-41C6-85D5-C8804BD02104}.Release|x86.Build.0 = Release|Any CPU
		{02EC2EC2-DA54-4C35-95D9-604FFD36E8E5}.Debug|Any CPU.ActiveCfg = Debug|Any CPU
		{02EC2EC2-DA54-4C35-95D9-604FFD36E8E5}.Debug|Any CPU.Build.0 = Debug|Any CPU
		{02EC2EC2-DA54-4C35-95D9-604FFD36E8E5}.Debug|x64.ActiveCfg = Debug|Any CPU
		{02EC2EC2-DA54-4C35-95D9-604FFD36E8E5}.Debug|x64.Build.0 = Debug|Any CPU
		{02EC2EC2-DA54-4C35-95D9-604FFD36E8E5}.Debug|x86.ActiveCfg = Debug|Any CPU
		{02EC2EC2-DA54-4C35-95D9-604FFD36E8E5}.Debug|x86.Build.0 = Debug|Any CPU
		{02EC2EC2-DA54-4C35-95D9-604FFD36E8E5}.Release|Any CPU.ActiveCfg = Release|Any CPU
		{02EC2EC2-DA54-4C35-95D9-604FFD36E8E5}.Release|Any CPU.Build.0 = Release|Any CPU
		{02EC2EC2-DA54-4C35-95D9-604FFD36E8E5}.Release|x64.ActiveCfg = Release|Any CPU
		{02EC2EC2-DA54-4C35-95D9-604FFD36E8E5}.Release|x64.Build.0 = Release|Any CPU
		{02EC2EC2-DA54-4C35-95D9-604FFD36E8E5}.Release|x86.ActiveCfg = Release|Any CPU
		{02EC2EC2-DA54-4C35-95D9-604FFD36E8E5}.Release|x86.Build.0 = Release|Any CPU
		{13FF10DF-29D1-4400-B3ED-EBE4FD3FAA5A}.Debug|Any CPU.ActiveCfg = Debug|Any CPU
		{13FF10DF-29D1-4400-B3ED-EBE4FD3FAA5A}.Debug|Any CPU.Build.0 = Debug|Any CPU
		{13FF10DF-29D1-4400-B3ED-EBE4FD3FAA5A}.Debug|x64.ActiveCfg = Debug|Any CPU
		{13FF10DF-29D1-4400-B3ED-EBE4FD3FAA5A}.Debug|x64.Build.0 = Debug|Any CPU
		{13FF10DF-29D1-4400-B3ED-EBE4FD3FAA5A}.Debug|x86.ActiveCfg = Debug|Any CPU
		{13FF10DF-29D1-4400-B3ED-EBE4FD3FAA5A}.Debug|x86.Build.0 = Debug|Any CPU
		{13FF10DF-29D1-4400-B3ED-EBE4FD3FAA5A}.Release|Any CPU.ActiveCfg = Release|Any CPU
		{13FF10DF-29D1-4400-B3ED-EBE4FD3FAA5A}.Release|Any CPU.Build.0 = Release|Any CPU
		{13FF10DF-29D1-4400-B3ED-EBE4FD3FAA5A}.Release|x64.ActiveCfg = Release|Any CPU
		{13FF10DF-29D1-4400-B3ED-EBE4FD3FAA5A}.Release|x64.Build.0 = Release|Any CPU
		{13FF10DF-29D1-4400-B3ED-EBE4FD3FAA5A}.Release|x86.ActiveCfg = Release|Any CPU
		{13FF10DF-29D1-4400-B3ED-EBE4FD3FAA5A}.Release|x86.Build.0 = Release|Any CPU
		{259D5C69-5959-4064-9C1E-2B8C280B0CC5}.Debug|Any CPU.ActiveCfg = Debug|Any CPU
		{259D5C69-5959-4064-9C1E-2B8C280B0CC5}.Debug|Any CPU.Build.0 = Debug|Any CPU
		{259D5C69-5959-4064-9C1E-2B8C280B0CC5}.Debug|x64.ActiveCfg = Debug|Any CPU
		{259D5C69-5959-4064-9C1E-2B8C280B0CC5}.Debug|x64.Build.0 = Debug|Any CPU
		{259D5C69-5959-4064-9C1E-2B8C280B0CC5}.Debug|x86.ActiveCfg = Debug|Any CPU
		{259D5C69-5959-4064-9C1E-2B8C280B0CC5}.Debug|x86.Build.0 = Debug|Any CPU
		{259D5C69-5959-4064-9C1E-2B8C280B0CC5}.Release|Any CPU.ActiveCfg = Release|Any CPU
		{259D5C69-5959-4064-9C1E-2B8C280B0CC5}.Release|Any CPU.Build.0 = Release|Any CPU
		{259D5C69-5959-4064-9C1E-2B8C280B0CC5}.Release|x64.ActiveCfg = Release|Any CPU
		{259D5C69-5959-4064-9C1E-2B8C280B0CC5}.Release|x64.Build.0 = Release|Any CPU
		{259D5C69-5959-4064-9C1E-2B8C280B0CC5}.Release|x86.ActiveCfg = Release|Any CPU
		{259D5C69-5959-4064-9C1E-2B8C280B0CC5}.Release|x86.Build.0 = Release|Any CPU
	EndGlobalSection
	GlobalSection(SolutionProperties) = preSolution
		HideSolutionNode = FALSE
	EndGlobalSection
	GlobalSection(NestedProjects) = preSolution
		{C04B9DA7-59AF-4307-A9DF-78544C0CF8B8} = {827E0CD3-B72D-47B6-A68D-7590B98EB39B}
		{4BD4747F-E24C-414E-A50B-6AA42440686F} = {827E0CD3-B72D-47B6-A68D-7590B98EB39B}
		{6B1BF189-5D64-4021-96AC-E24F4E18F088} = {827E0CD3-B72D-47B6-A68D-7590B98EB39B}
		{E76DDB2C-8437-41C6-85D5-C8804BD02104} = {827E0CD3-B72D-47B6-A68D-7590B98EB39B}
		{02EC2EC2-DA54-4C35-95D9-604FFD36E8E5} = {0AB3BF05-4346-4AA6-1389-037BE0695223}
		{13FF10DF-29D1-4400-B3ED-EBE4FD3FAA5A} = {0AB3BF05-4346-4AA6-1389-037BE0695223}
		{259D5C69-5959-4064-9C1E-2B8C280B0CC5} = {0AB3BF05-4346-4AA6-1389-037BE0695223}
	EndGlobalSection
EndGlobal
